// !$*UTF8*$!
{
	archiveVersion = 1;
	classes = {
	};
	objectVersion = 56;
	objects = {

/* Begin PBXBuildFile section */
		96E8DE2C2901743300CE06D8 /* DispatchSourceDemoApp.swift in Sources */ = {isa = PBXBuildFile; fileRef = 96E8DE2B2901743300CE06D8 /* DispatchSourceDemoApp.swift */; };
		96E8DE2E2901743300CE06D8 /* ContentView.swift in Sources */ = {isa = PBXBuildFile; fileRef = 96E8DE2D2901743300CE06D8 /* ContentView.swift */; };
		96E8DE302901743400CE06D8 /* Assets.xcassets in Resources */ = {isa = PBXBuildFile; fileRef = 96E8DE2F2901743400CE06D8 /* Assets.xcassets */; };
		96E8DE332901743400CE06D8 /* Preview Assets.xcassets in Resources */ = {isa = PBXBuildFile; fileRef = 96E8DE322901743400CE06D8 /* Preview Assets.xcassets */; };
		96E8DE3E2901743400CE06D8 /* DispatchSourceDemoTests.swift in Sources */ = {isa = PBXBuildFile; fileRef = 96E8DE3D2901743400CE06D8 /* DispatchSourceDemoTests.swift */; };
		96E8DE482901743400CE06D8 /* DispatchSourceDemoUITests.swift in Sources */ = {isa = PBXBuildFile; fileRef = 96E8DE472901743400CE06D8 /* DispatchSourceDemoUITests.swift */; };
		96E8DE4A2901743400CE06D8 /* DispatchSourceDemoUITestsLaunchTests.swift in Sources */ = {isa = PBXBuildFile; fileRef = 96E8DE492901743400CE06D8 /* DispatchSourceDemoUITestsLaunchTests.swift */; };
/* End PBXBuildFile section */

/* Begin PBXContainerItemProxy section */
		96E8DE3A2901743400CE06D8 /* PBXContainerItemProxy */ = {
			isa = PBXContainerItemProxy;
			containerPortal = 96E8DE202901743300CE06D8 /* Project object */;
			proxyType = 1;
			remoteGlobalIDString = 96E8DE272901743300CE06D8;
			remoteInfo = DispatchSourceDemo;
		};
		96E8DE442901743400CE06D8 /* PBXContainerItemProxy */ = {
			isa = PBXContainerItemProxy;
			containerPortal = 96E8DE202901743300CE06D8 /* Project object */;
			proxyType = 1;
			remoteGlobalIDString = 96E8DE272901743300CE06D8;
			remoteInfo = DispatchSourceDemo;
		};
/* End PBXContainerItemProxy section */

/* Begin PBXFileReference section */
		96E8DE282901743300CE06D8 /* DispatchSourceDemo.app */ = {isa = PBXFileReference; explicitFileType = wrapper.application; includeInIndex = 0; path = DispatchSourceDemo.app; sourceTree = BUILT_PRODUCTS_DIR; };
		96E8DE2B2901743300CE06D8 /* DispatchSourceDemoApp.swift */ = {isa = PBXFileReference; lastKnownFileType = sourcecode.swift; path = DispatchSourceDemoApp.swift; sourceTree = "<group>"; };
		96E8DE2D2901743300CE06D8 /* ContentView.swift */ = {isa = PBXFileReference; lastKnownFileType = sourcecode.swift; path = ContentView.swift; sourceTree = "<group>"; };
		96E8DE2F2901743400CE06D8 /* Assets.xcassets */ = {isa = PBXFileReference; lastKnownFileType = folder.assetcatalog; path = Assets.xcassets; sourceTree = "<group>"; };
		96E8DE322901743400CE06D8 /* Preview Assets.xcassets */ = {isa = PBXFileReference; lastKnownFileType = folder.assetcatalog; path = "Preview Assets.xcassets"; sourceTree = "<group>"; };
		96E8DE342901743400CE06D8 /* DispatchSourceDemo.entitlements */ = {isa = PBXFileReference; lastKnownFileType = text.plist.entitlements; path = DispatchSourceDemo.entitlements; sourceTree = "<group>"; };
		96E8DE392901743400CE06D8 /* DispatchSourceDemoTests.xctest */ = {isa = PBXFileReference; explicitFileType = wrapper.cfbundle; includeInIndex = 0; path = DispatchSourceDemoTests.xctest; sourceTree = BUILT_PRODUCTS_DIR; };
		96E8DE3D2901743400CE06D8 /* DispatchSourceDemoTests.swift */ = {isa = PBXFileReference; lastKnownFileType = sourcecode.swift; path = DispatchSourceDemoTests.swift; sourceTree = "<group>"; };
		96E8DE432901743400CE06D8 /* DispatchSourceDemoUITests.xctest */ = {isa = PBXFileReference; explicitFileType = wrapper.cfbundle; includeInIndex = 0; path = DispatchSourceDemoUITests.xctest; sourceTree = BUILT_PRODUCTS_DIR; };
		96E8DE472901743400CE06D8 /* DispatchSourceDemoUITests.swift */ = {isa = PBXFileReference; lastKnownFileType = sourcecode.swift; path = DispatchSourceDemoUITests.swift; sourceTree = "<group>"; };
		96E8DE492901743400CE06D8 /* DispatchSourceDemoUITestsLaunchTests.swift */ = {isa = PBXFileReference; lastKnownFileType = sourcecode.swift; path = DispatchSourceDemoUITestsLaunchTests.swift; sourceTree = "<group>"; };
/* End PBXFileReference section */

/* Begin PBXFrameworksBuildPhase section */
		96E8DE252901743300CE06D8 /* Frameworks */ = {
			isa = PBXFrameworksBuildPhase;
			buildActionMask = 2147483647;
			files = (
			);
			runOnlyForDeploymentPostprocessing = 0;
		};
		96E8DE362901743400CE06D8 /* Frameworks */ = {
			isa = PBXFrameworksBuildPhase;
			buildActionMask = 2147483647;
			files = (
			);
			runOnlyForDeploymentPostprocessing = 0;
		};
		96E8DE402901743400CE06D8 /* Frameworks */ = {
			isa = PBXFrameworksBuildPhase;
			buildActionMask = 2147483647;
			files = (
			);
			runOnlyForDeploymentPostprocessing = 0;
		};
/* End PBXFrameworksBuildPhase section */

/* Begin PBXGroup section */
		96E8DE1F2901743300CE06D8 = {
			isa = PBXGroup;
			children = (
				96E8DE2A2901743300CE06D8 /* DispatchSourceDemo */,
				96E8DE3C2901743400CE06D8 /* DispatchSourceDemoTests */,
				96E8DE462901743400CE06D8 /* DispatchSourceDemoUITests */,
				96E8DE292901743300CE06D8 /* Products */,
			);
			sourceTree = "<group>";
		};
		96E8DE292901743300CE06D8 /* Products */ = {
			isa = PBXGroup;
			children = (
				96E8DE282901743300CE06D8 /* DispatchSourceDemo.app */,
				96E8DE392901743400CE06D8 /* DispatchSourceDemoTests.xctest */,
				96E8DE432901743400CE06D8 /* DispatchSourceDemoUITests.xctest */,
			);
			name = Products;
			sourceTree = "<group>";
		};
		96E8DE2A2901743300CE06D8 /* DispatchSourceDemo */ = {
			isa = PBXGroup;
			children = (
				96E8DE2B2901743300CE06D8 /* DispatchSourceDemoApp.swift */,
				96E8DE2D2901743300CE06D8 /* ContentView.swift */,
				96E8DE2F2901743400CE06D8 /* Assets.xcassets */,
				96E8DE342901743400CE06D8 /* DispatchSourceDemo.entitlements */,
				96E8DE312901743400CE06D8 /* Preview Content */,
			);
			path = DispatchSourceDemo;
			sourceTree = "<group>";
		};
		96E8DE312901743400CE06D8 /* Preview Content */ = {
			isa = PBXGroup;
			children = (
				96E8DE322901743400CE06D8 /* Preview Assets.xcassets */,
			);
			path = "Preview Content";
			sourceTree = "<group>";
		};
		96E8DE3C2901743400CE06D8 /* DispatchSourceDemoTests */ = {
			isa = PBXGroup;
			children = (
				96E8DE3D2901743400CE06D8 /* DispatchSourceDemoTests.swift */,
			);
			path = DispatchSourceDemoTests;
			sourceTree = "<group>";
		};
		96E8DE462901743400CE06D8 /* DispatchSourceDemoUITests */ = {
			isa = PBXGroup;
			children = (
				96E8DE472901743400CE06D8 /* DispatchSourceDemoUITests.swift */,
				96E8DE492901743400CE06D8 /* DispatchSourceDemoUITestsLaunchTests.swift */,
			);
			path = DispatchSourceDemoUITests;
			sourceTree = "<group>";
		};
/* End PBXGroup section */

/* Begin PBXNativeTarget section */
		96E8DE272901743300CE06D8 /* DispatchSourceDemo */ = {
			isa = PBXNativeTarget;
			buildConfigurationList = 96E8DE4D2901743400CE06D8 /* Build configuration list for PBXNativeTarget "DispatchSourceDemo" */;
			buildPhases = (
				96E8DE242901743300CE06D8 /* Sources */,
				96E8DE252901743300CE06D8 /* Frameworks */,
				96E8DE262901743300CE06D8 /* Resources */,
			);
			buildRules = (
			);
			dependencies = (
			);
			name = DispatchSourceDemo;
			productName = DispatchSourceDemo;
			productReference = 96E8DE282901743300CE06D8 /* DispatchSourceDemo.app */;
			productType = "com.apple.product-type.application";
		};
		96E8DE382901743400CE06D8 /* DispatchSourceDemoTests */ = {
			isa = PBXNativeTarget;
			buildConfigurationList = 96E8DE502901743400CE06D8 /* Build configuration list for PBXNativeTarget "DispatchSourceDemoTests" */;
			buildPhases = (
				96E8DE352901743400CE06D8 /* Sources */,
				96E8DE362901743400CE06D8 /* Frameworks */,
				96E8DE372901743400CE06D8 /* Resources */,
			);
			buildRules = (
			);
			dependencies = (
				96E8DE3B2901743400CE06D8 /* PBXTargetDependency */,
			);
			name = DispatchSourceDemoTests;
			productName = DispatchSourceDemoTests;
			productReference = 96E8DE392901743400CE06D8 /* DispatchSourceDemoTests.xctest */;
			productType = "com.apple.product-type.bundle.unit-test";
		};
		96E8DE422901743400CE06D8 /* DispatchSourceDemoUITests */ = {
			isa = PBXNativeTarget;
			buildConfigurationList = 96E8DE532901743400CE06D8 /* Build configuration list for PBXNativeTarget "DispatchSourceDemoUITests" */;
			buildPhases = (
				96E8DE3F2901743400CE06D8 /* Sources */,
				96E8DE402901743400CE06D8 /* Frameworks */,
				96E8DE412901743400CE06D8 /* Resources */,
			);
			buildRules = (
			);
			dependencies = (
				96E8DE452901743400CE06D8 /* PBXTargetDependency */,
			);
			name = DispatchSourceDemoUITests;
			productName = DispatchSourceDemoUITests;
			productReference = 96E8DE432901743400CE06D8 /* DispatchSourceDemoUITests.xctest */;
			productType = "com.apple.product-type.bundle.ui-testing";
		};
/* End PBXNativeTarget section */

/* Begin PBXProject section */
		96E8DE202901743300CE06D8 /* Project object */ = {
			isa = PBXProject;
			attributes = {
				BuildIndependentTargetsInParallel = 1;
				LastSwiftUpdateCheck = 1400;
				LastUpgradeCheck = 1400;
				TargetAttributes = {
					96E8DE272901743300CE06D8 = {
						CreatedOnToolsVersion = 14.0.1;
					};
					96E8DE382901743400CE06D8 = {
						CreatedOnToolsVersion = 14.0.1;
						TestTargetID = 96E8DE272901743300CE06D8;
					};
					96E8DE422901743400CE06D8 = {
						CreatedOnToolsVersion = 14.0.1;
						TestTargetID = 96E8DE272901743300CE06D8;
					};
				};
			};
			buildConfigurationList = 96E8DE232901743300CE06D8 /* Build configuration list for PBXProject "DispatchSourceDemo" */;
			compatibilityVersion = "Xcode 14.0";
			developmentRegion = en;
			hasScannedForEncodings = 0;
			knownRegions = (
				en,
				Base,
			);
			mainGroup = 96E8DE1F2901743300CE06D8;
			productRefGroup = 96E8DE292901743300CE06D8 /* Products */;
			projectDirPath = "";
			projectRoot = "";
			targets = (
				96E8DE272901743300CE06D8 /* DispatchSourceDemo */,
				96E8DE382901743400CE06D8 /* DispatchSourceDemoTests */,
				96E8DE422901743400CE06D8 /* DispatchSourceDemoUITests */,
			);
		};
/* End PBXProject section */

/* Begin PBXResourcesBuildPhase section */
		96E8DE262901743300CE06D8 /* Resources */ = {
			isa = PBXResourcesBuildPhase;
			buildActionMask = 2147483647;
			files = (
				96E8DE332901743400CE06D8 /* Preview Assets.xcassets in Resources */,
				96E8DE302901743400CE06D8 /* Assets.xcassets in Resources */,
			);
			runOnlyForDeploymentPostprocessing = 0;
		};
		96E8DE372901743400CE06D8 /* Resources */ = {
			isa = PBXResourcesBuildPhase;
			buildActionMask = 2147483647;
			files = (
			);
			runOnlyForDeploymentPostprocessing = 0;
		};
		96E8DE412901743400CE06D8 /* Resources */ = {
			isa = PBXResourcesBuildPhase;
			buildActionMask = 2147483647;
			files = (
			);
			runOnlyForDeploymentPostprocessing = 0;
		};
/* End PBXResourcesBuildPhase section */

/* Begin PBXSourcesBuildPhase section */
		96E8DE242901743300CE06D8 /* Sources */ = {
			isa = PBXSourcesBuildPhase;
			buildActionMask = 2147483647;
			files = (
				96E8DE2E2901743300CE06D8 /* ContentView.swift in Sources */,
				96E8DE2C2901743300CE06D8 /* DispatchSourceDemoApp.swift in Sources */,
			);
			runOnlyForDeploymentPostprocessing = 0;
		};
		96E8DE352901743400CE06D8 /* Sources */ = {
			isa = PBXSourcesBuildPhase;
			buildActionMask = 2147483647;
			files = (
				96E8DE3E2901743400CE06D8 /* DispatchSourceDemoTests.swift in Sources */,
			);
			runOnlyForDeploymentPostprocessing = 0;
		};
		96E8DE3F2901743400CE06D8 /* Sources */ = {
			isa = PBXSourcesBuildPhase;
			buildActionMask = 2147483647;
			files = (
				96E8DE4A2901743400CE06D8 /* DispatchSourceDemoUITestsLaunchTests.swift in Sources */,
				96E8DE482901743400CE06D8 /* DispatchSourceDemoUITests.swift in Sources */,
			);
			runOnlyForDeploymentPostprocessing = 0;
		};
/* End PBXSourcesBuildPhase section */

/* Begin PBXTargetDependency section */
		96E8DE3B2901743400CE06D8 /* PBXTargetDependency */ = {
			isa = PBXTargetDependency;
			target = 96E8DE272901743300CE06D8 /* DispatchSourceDemo */;
			targetProxy = 96E8DE3A2901743400CE06D8 /* PBXContainerItemProxy */;
		};
		96E8DE452901743400CE06D8 /* PBXTargetDependency */ = {
			isa = PBXTargetDependency;
			target = 96E8DE272901743300CE06D8 /* DispatchSourceDemo */;
			targetProxy = 96E8DE442901743400CE06D8 /* PBXContainerItemProxy */;
		};
/* End PBXTargetDependency section */

/* Begin XCBuildConfiguration section */
		96E8DE4B2901743400CE06D8 /* Debug */ = {
			isa = XCBuildConfiguration;
			buildSettings = {
				ALWAYS_SEARCH_USER_PATHS = NO;
				CLANG_ANALYZER_NONNULL = YES;
				CLANG_ANALYZER_NUMBER_OBJECT_CONVERSION = YES_AGGRESSIVE;
				CLANG_CXX_LANGUAGE_STANDARD = "gnu++20";
				CLANG_ENABLE_MODULES = YES;
				CLANG_ENABLE_OBJC_ARC = YES;
				CLANG_ENABLE_OBJC_WEAK = YES;
				CLANG_WARN_BLOCK_CAPTURE_AUTORELEASING = YES;
				CLANG_WARN_BOOL_CONVERSION = YES;
				CLANG_WARN_COMMA = YES;
				CLANG_WARN_CONSTANT_CONVERSION = YES;
				CLANG_WARN_DEPRECATED_OBJC_IMPLEMENTATIONS = YES;
				CLANG_WARN_DIRECT_OBJC_ISA_USAGE = YES_ERROR;
				CLANG_WARN_DOCUMENTATION_COMMENTS = YES;
				CLANG_WARN_EMPTY_BODY = YES;
				CLANG_WARN_ENUM_CONVERSION = YES;
				CLANG_WARN_INFINITE_RECURSION = YES;
				CLANG_WARN_INT_CONVERSION = YES;
				CLANG_WARN_NON_LITERAL_NULL_CONVERSION = YES;
				CLANG_WARN_OBJC_IMPLICIT_RETAIN_SELF = YES;
				CLANG_WARN_OBJC_LITERAL_CONVERSION = YES;
				CLANG_WARN_OBJC_ROOT_CLASS = YES_ERROR;
				CLANG_WARN_QUOTED_INCLUDE_IN_FRAMEWORK_HEADER = YES;
				CLANG_WARN_RANGE_LOOP_ANALYSIS = YES;
				CLANG_WARN_STRICT_PROTOTYPES = YES;
				CLANG_WARN_SUSPICIOUS_MOVE = YES;
				CLANG_WARN_UNGUARDED_AVAILABILITY = YES_AGGRESSIVE;
				CLANG_WARN_UNREACHABLE_CODE = YES;
				CLANG_WARN__DUPLICATE_METHOD_MATCH = YES;
				COPY_PHASE_STRIP = NO;
				DEBUG_INFORMATION_FORMAT = dwarf;
				ENABLE_STRICT_OBJC_MSGSEND = YES;
				ENABLE_TESTABILITY = YES;
				GCC_C_LANGUAGE_STANDARD = gnu11;
				GCC_DYNAMIC_NO_PIC = NO;
				GCC_NO_COMMON_BLOCKS = YES;
				GCC_OPTIMIZATION_LEVEL = 0;
				GCC_PREPROCESSOR_DEFINITIONS = (
					"DEBUG=1",
					"$(inherited)",
				);
				GCC_WARN_64_TO_32_BIT_CONVERSION = YES;
				GCC_WARN_ABOUT_RETURN_TYPE = YES_ERROR;
				GCC_WARN_UNDECLARED_SELECTOR = YES;
				GCC_WARN_UNINITIALIZED_AUTOS = YES_AGGRESSIVE;
				GCC_WARN_UNUSED_FUNCTION = YES;
				GCC_WARN_UNUSED_VARIABLE = YES;
				MACOSX_DEPLOYMENT_TARGET = 12.3;
				MTL_ENABLE_DEBUG_INFO = INCLUDE_SOURCE;
				MTL_FAST_MATH = YES;
				ONLY_ACTIVE_ARCH = YES;
				SDKROOT = macosx;
				SWIFT_ACTIVE_COMPILATION_CONDITIONS = DEBUG;
				SWIFT_OPTIMIZATION_LEVEL = "-Onone";
			};
			name = Debug;
		};
		96E8DE4C2901743400CE06D8 /* Release */ = {
			isa = XCBuildConfiguration;
			buildSettings = {
				ALWAYS_SEARCH_USER_PATHS = NO;
				CLANG_ANALYZER_NONNULL = YES;
				CLANG_ANALYZER_NUMBER_OBJECT_CONVERSION = YES_AGGRESSIVE;
				CLANG_CXX_LANGUAGE_STANDARD = "gnu++20";
				CLANG_ENABLE_MODULES = YES;
				CLANG_ENABLE_OBJC_ARC = YES;
				CLANG_ENABLE_OBJC_WEAK = YES;
				CLANG_WARN_BLOCK_CAPTURE_AUTORELEASING = YES;
				CLANG_WARN_BOOL_CONVERSION = YES;
				CLANG_WARN_COMMA = YES;
				CLANG_WARN_CONSTANT_CONVERSION = YES;
				CLANG_WARN_DEPRECATED_OBJC_IMPLEMENTATIONS = YES;
				CLANG_WARN_DIRECT_OBJC_ISA_USAGE = YES_ERROR;
				CLANG_WARN_DOCUMENTATION_COMMENTS = YES;
				CLANG_WARN_EMPTY_BODY = YES;
				CLANG_WARN_ENUM_CONVERSION = YES;
				CLANG_WARN_INFINITE_RECURSION = YES;
				CLANG_WARN_INT_CONVERSION = YES;
				CLANG_WARN_NON_LITERAL_NULL_CONVERSION = YES;
				CLANG_WARN_OBJC_IMPLICIT_RETAIN_SELF = YES;
				CLANG_WARN_OBJC_LITERAL_CONVERSION = YES;
				CLANG_WARN_OBJC_ROOT_CLASS = YES_ERROR;
				CLANG_WARN_QUOTED_INCLUDE_IN_FRAMEWORK_HEADER = YES;
				CLANG_WARN_RANGE_LOOP_ANALYSIS = YES;
				CLANG_WARN_STRICT_PROTOTYPES = YES;
				CLANG_WARN_SUSPICIOUS_MOVE = YES;
				CLANG_WARN_UNGUARDED_AVAILABILITY = YES_AGGRESSIVE;
				CLANG_WARN_UNREACHABLE_CODE = YES;
				CLANG_WARN__DUPLICATE_METHOD_MATCH = YES;
				COPY_PHASE_STRIP = NO;
				DEBUG_INFORMATION_FORMAT = "dwarf-with-dsym";
				ENABLE_NS_ASSERTIONS = NO;
				ENABLE_STRICT_OBJC_MSGSEND = YES;
				GCC_C_LANGUAGE_STANDARD = gnu11;
				GCC_NO_COMMON_BLOCKS = YES;
				GCC_WARN_64_TO_32_BIT_CONVERSION = YES;
				GCC_WARN_ABOUT_RETURN_TYPE = YES_ERROR;
				GCC_WARN_UNDECLARED_SELECTOR = YES;
				GCC_WARN_UNINITIALIZED_AUTOS = YES_AGGRESSIVE;
				GCC_WARN_UNUSED_FUNCTION = YES;
				GCC_WARN_UNUSED_VARIABLE = YES;
				MACOSX_DEPLOYMENT_TARGET = 12.3;
				MTL_ENABLE_DEBUG_INFO = NO;
				MTL_FAST_MATH = YES;
				SDKROOT = macosx;
				SWIFT_COMPILATION_MODE = wholemodule;
				SWIFT_OPTIMIZATION_LEVEL = "-O";
			};
			name = Release;
		};
		96E8DE4E2901743400CE06D8 /* Debug */ = {
			isa = XCBuildConfiguration;
			buildSettings = {
				ASSETCATALOG_COMPILER_APPICON_NAME = AppIcon;
				ASSETCATALOG_COMPILER_GLOBAL_ACCENT_COLOR_NAME = AccentColor;
				CODE_SIGN_ENTITLEMENTS = DispatchSourceDemo/DispatchSourceDemo.entitlements;
				CODE_SIGN_STYLE = Automatic;
				COMBINE_HIDPI_IMAGES = YES;
				CURRENT_PROJECT_VERSION = 1;
				DEVELOPMENT_ASSET_PATHS = "\"DispatchSourceDemo/Preview Content\"";
				DEVELOPMENT_TEAM = LD8C254XK3;
				ENABLE_HARDENED_RUNTIME = YES;
				ENABLE_PREVIEWS = YES;
				GENERATE_INFOPLIST_FILE = YES;
				INFOPLIST_KEY_NSHumanReadableCopyright = "";
				LD_RUNPATH_SEARCH_PATHS = (
					"$(inherited)",
					"@executable_path/../Frameworks",
				);
				MARKETING_VERSION = 1.0;
				PRODUCT_BUNDLE_IDENTIFIER = co.polyergy.DispatchSourceDemo;
				PRODUCT_NAME = "$(TARGET_NAME)";
				SWIFT_EMIT_LOC_STRINGS = YES;
				SWIFT_VERSION = 5.0;
			};
			name = Debug;
		};
		96E8DE4F2901743400CE06D8 /* Release */ = {
			isa = XCBuildConfiguration;
			buildSettings = {
				ASSETCATALOG_COMPILER_APPICON_NAME = AppIcon;
				ASSETCATALOG_COMPILER_GLOBAL_ACCENT_COLOR_NAME = AccentColor;
				CODE_SIGN_ENTITLEMENTS = DispatchSourceDemo/DispatchSourceDemo.entitlements;
				CODE_SIGN_STYLE = Automatic;
				COMBINE_HIDPI_IMAGES = YES;
				CURRENT_PROJECT_VERSION = 1;
				DEVELOPMENT_ASSET_PATHS = "\"DispatchSourceDemo/Preview Content\"";
				DEVELOPMENT_TEAM = LD8C254XK3;
				ENABLE_HARDENED_RUNTIME = YES;
				ENABLE_PREVIEWS = YES;
				GENERATE_INFOPLIST_FILE = YES;
				INFOPLIST_KEY_NSHumanReadableCopyright = "";
				LD_RUNPATH_SEARCH_PATHS = (
					"$(inherited)",
					"@executable_path/../Frameworks",
				);
				MARKETING_VERSION = 1.0;
				PRODUCT_BUNDLE_IDENTIFIER = co.polyergy.DispatchSourceDemo;
				PRODUCT_NAME = "$(TARGET_NAME)";
				SWIFT_EMIT_LOC_STRINGS = YES;
				SWIFT_VERSION = 5.0;
			};
			name = Release;
		};
		96E8DE512901743400CE06D8 /* Debug */ = {
			isa = XCBuildConfiguration;
			buildSettings = {
				ALWAYS_EMBED_SWIFT_STANDARD_LIBRARIES = YES;
				BUNDLE_LOADER = "$(TEST_HOST)";
				CODE_SIGN_STYLE = Automatic;
				CURRENT_PROJECT_VERSION = 1;
				DEVELOPMENT_TEAM = LD8C254XK3;
				GENERATE_INFOPLIST_FILE = YES;
				MACOSX_DEPLOYMENT_TARGET = 12.3;
				MARKETING_VERSION = 1.0;
				PRODUCT_BUNDLE_IDENTIFIER = co.polyergy.DispatchSourceDemoTests;
				PRODUCT_NAME = "$(TARGET_NAME)";
				SWIFT_EMIT_LOC_STRINGS = NO;
				SWIFT_VERSION = 5.0;
				TEST_HOST = "$(BUILT_PRODUCTS_DIR)/DispatchSourceDemo.app/$(BUNDLE_EXECUTABLE_FOLDER_PATH)/DispatchSourceDemo";
			};
			name = Debug;
		};
		96E8DE522901743400CE06D8 /* Release */ = {
			isa = XCBuildConfiguration;
			buildSettings = {
				ALWAYS_EMBED_SWIFT_STANDARD_LIBRARIES = YES;
				BUNDLE_LOADER = "$(TEST_HOST)";
				CODE_SIGN_STYLE = Automatic;
				CURRENT_PROJECT_VERSION = 1;
				DEVELOPMENT_TEAM = LD8C254XK3;
				GENERATE_INFOPLIST_FILE = YES;
				MACOSX_DEPLOYMENT_TARGET = 12.3;
				MARKETING_VERSION = 1.0;
				PRODUCT_BUNDLE_IDENTIFIER = co.polyergy.DispatchSourceDemoTests;
				PRODUCT_NAME = "$(TARGET_NAME)";
				SWIFT_EMIT_LOC_STRINGS = NO;
				SWIFT_VERSION = 5.0;
				TEST_HOST = "$(BUILT_PRODUCTS_DIR)/DispatchSourceDemo.app/$(BUNDLE_EXECUTABLE_FOLDER_PATH)/DispatchSourceDemo";
			};
			name = Release;
		};
		96E8DE542901743400CE06D8 /* Debug */ = {
			isa = XCBuildConfiguration;
			buildSettings = {
				ALWAYS_EMBED_SWIFT_STANDARD_LIBRARIES = YES;
				CODE_SIGN_STYLE = Automatic;
				CURRENT_PROJECT_VERSION = 1;
				DEVELOPMENT_TEAM = LD8C254XK3;
				GENERATE_INFOPLIST_FILE = YES;
				MARKETING_VERSION = 1.0;
				PRODUCT_BUNDLE_IDENTIFIER = co.polyergy.DispatchSourceDemoUITests;
				PRODUCT_NAME = "$(TARGET_NAME)";
				SWIFT_EMIT_LOC_STRINGS = NO;
				SWIFT_VERSION = 5.0;
				TEST_TARGET_NAME = DispatchSourceDemo;
			};
			name = Debug;
		};
		96E8DE552901743400CE06D8 /* Release */ = {
			isa = XCBuildConfiguration;
			buildSettings = {
				ALWAYS_EMBED_SWIFT_STANDARD_LIBRARIES = YES;
				CODE_SIGN_STYLE = Automatic;
				CURRENT_PROJECT_VERSION = 1;
				DEVELOPMENT_TEAM = LD8C254XK3;
				GENERATE_INFOPLIST_FILE = YES;
				MARKETING_VERSION = 1.0;
				PRODUCT_BUNDLE_IDENTIFIER = co.polyergy.DispatchSourceDemoUITests;
				PRODUCT_NAME = "$(TARGET_NAME)";
				SWIFT_EMIT_LOC_STRINGS = NO;
				SWIFT_VERSION = 5.0;
				TEST_TARGET_NAME = DispatchSourceDemo;
			};
			name = Release;
		};
/* End XCBuildConfiguration section */

/* Begin XCConfigurationList section */
		96E8DE232901743300CE06D8 /* Build configuration list for PBXProject "DispatchSourceDemo" */ = {
			isa = XCConfigurationList;
			buildConfigurations = (
				96E8DE4B2901743400CE06D8 /* Debug */,
				96E8DE4C2901743400CE06D8 /* Release */,
			);
			defaultConfigurationIsVisible = 0;
			defaultConfigurationName = Release;
		};
		96E8DE4D2901743400CE06D8 /* Build configuration list for PBXNativeTarget "DispatchSourceDemo" */ = {
			isa = XCConfigurationList;
			buildConfigurations = (
				96E8DE4E2901743400CE06D8 /* Debug */,
				96E8DE4F2901743400CE06D8 /* Release */,
			);
			defaultConfigurationIsVisible = 0;
			defaultConfigurationName = Release;
		};
		96E8DE502901743400CE06D8 /* Build configuration list for PBXNativeTarget "DispatchSourceDemoTests" */ = {
			isa = XCConfigurationList;
			buildConfigurations = (
				96E8DE512901743400CE06D8 /* Debug */,
				96E8DE522901743400CE06D8 /* Release */,
			);
			defaultConfigurationIsVisible = 0;
			defaultConfigurationName = Release;
		};
		96E8DE532901743400CE06D8 /* Build configuration list for PBXNativeTarget "DispatchSourceDemoUITests" */ = {
			isa = XCConfigurationList;
			buildConfigurations = (
				96E8DE542901743400CE06D8 /* Debug */,
				96E8DE552901743400CE06D8 /* Release */,
			);
			defaultConfigurationIsVisible = 0;
			defaultConfigurationName = Release;
		};
/* End XCConfigurationList section */
	};
	rootObject = 96E8DE202901743300CE06D8 /* Project object */;
}
